
Microsoft Visual Studio Solution File, Format Version 12.00
# Visual Studio Version 17
VisualStudioVersion = 17.0.32112.339
MinimumVisualStudioVersion = 10.0.40219.1
Project("{8BC9CEB8-8B4A-11D0-8D11-00A0C91BC942}") = "fntastic-test-task-1", "fntastic-test-task-1.vcxproj", "{EE19B7BF-A186-4D57-992E-0DF7D1AD1C81}"
EndProject
Global
	GlobalSection(SolutionConfigurationPlatforms) = preSolution
		Debug|x64 = Debug|x64
		Debug|x86 = Debug|x86
		Release|x64 = Release|x64
		Release|x86 = Release|x86
	EndGlobalSection
	GlobalSection(ProjectConfigurationPlatforms) = postSolution
		{EE19B7BF-A186-4D57-992E-0DF7D1AD1C81}.Debug|x64.ActiveCfg = Debug|x64
		{EE19B7BF-A186-4D57-992E-0DF7D1AD1C81}.Debug|x64.Build.0 = Debug|x64
		{EE19B7BF-A186-4D57-992E-0DF7D1AD1C81}.Debug|x86.ActiveCfg = Debug|Win32
		{EE19B7BF-A186-4D57-992E-0DF7D1AD1C81}.Debug|x86.Build.0 = Debug|Win32
		{EE19B7BF-A186-4D57-992E-0DF7D1AD1C81}.Release|x64.ActiveCfg = Release|x64
		{EE19B7BF-A186-4D57-992E-0DF7D1AD1C81}.Release|x64.Build.0 = Release|x64
		{EE19B7BF-A186-4D57-992E-0DF7D1AD1C81}.Release|x86.ActiveCfg = Release|Win32
		{EE19B7BF-A186-4D57-992E-0DF7D1AD1C81}.Release|x86.Build.0 = Release|Win32
	EndGlobalSection
	GlobalSection(SolutionProperties) = preSolution
		HideSolutionNode = FALSE
	EndGlobalSection
	GlobalSection(ExtensibilityGlobals) = postSolution
		SolutionGuid = {CD05C595-5C8E-401D-B6BC-23D6BB3249E6}
	EndGlobalSection
EndGlobal
